// !$*UTF8*$!
{
	archiveVersion = 1;
	classes = {
	};
	objectVersion = 56;
	objects = {

/* Begin PBXBuildFile section */
		3621ED8BA1AACF31ACD7166E /* Pods_FireBaseChatApp.framework in Frameworks */ = {isa = PBXBuildFile; fileRef = 1D7C73F9704E72623A3E3F84 /* Pods_FireBaseChatApp.framework */; };
		E112EE5E2959E5850075AF1A /* ChatConversation+CollectionView.swift in Sources */ = {isa = PBXBuildFile; fileRef = E112EE5D2959E5850075AF1A /* ChatConversation+CollectionView.swift */; };
		E14C0EFC29573EAA00D69ECD /* ChatConversationViewController.swift in Sources */ = {isa = PBXBuildFile; fileRef = E14C0EFA29573EAA00D69ECD /* ChatConversationViewController.swift */; };
		E14C0EFD29573EAA00D69ECD /* ChatConversationViewController.xib in Resources */ = {isa = PBXBuildFile; fileRef = E14C0EFB29573EAA00D69ECD /* ChatConversationViewController.xib */; };
		E14C0F0129573ECB00D69ECD /* BaseViewController.swift in Sources */ = {isa = PBXBuildFile; fileRef = E14C0F0029573ECB00D69ECD /* BaseViewController.swift */; };
		E14C0F0529573F6600D69ECD /* BaseTableViewCell.swift in Sources */ = {isa = PBXBuildFile; fileRef = E14C0F0329573F6600D69ECD /* BaseTableViewCell.swift */; };
		E14C0F0629573F6600D69ECD /* BaseTableViewCell.xib in Resources */ = {isa = PBXBuildFile; fileRef = E14C0F0429573F6600D69ECD /* BaseTableViewCell.xib */; };
		E14C0F09295740CA00D69ECD /* BaseCollectionViewCell.swift in Sources */ = {isa = PBXBuildFile; fileRef = E14C0F07295740CA00D69ECD /* BaseCollectionViewCell.swift */; };
		E14C0F0A295740CA00D69ECD /* BaseCollectionViewCell.xib in Resources */ = {isa = PBXBuildFile; fileRef = E14C0F08295740CA00D69ECD /* BaseCollectionViewCell.xib */; };
		E14C0F0F2957434100D69ECD /* Extensions+UITableView.swift in Sources */ = {isa = PBXBuildFile; fileRef = E14C0F0E2957434100D69ECD /* Extensions+UITableView.swift */; };
		E14C0F122957450900D69ECD /* LoginViewController.swift in Sources */ = {isa = PBXBuildFile; fileRef = E14C0F102957450900D69ECD /* LoginViewController.swift */; };
		E14C0F132957450900D69ECD /* LoginViewController.xib in Resources */ = {isa = PBXBuildFile; fileRef = E14C0F112957450900D69ECD /* LoginViewController.xib */; };
		E14C0F172957452D00D69ECD /* RegisterViewController.swift in Sources */ = {isa = PBXBuildFile; fileRef = E14C0F152957452D00D69ECD /* RegisterViewController.swift */; };
		E14C0F182957452D00D69ECD /* RegisterViewController.xib in Resources */ = {isa = PBXBuildFile; fileRef = E14C0F162957452D00D69ECD /* RegisterViewController.xib */; };
		E14C0F1E2957489B00D69ECD /* HealFlatTextFieldContainter+CountryList.swift in Sources */ = {isa = PBXBuildFile; fileRef = E14C0F1B2957489B00D69ECD /* HealFlatTextFieldContainter+CountryList.swift */; };
		E14C0F1F2957489B00D69ECD /* HealFlatTextFieldContainer.swift in Sources */ = {isa = PBXBuildFile; fileRef = E14C0F1C2957489B00D69ECD /* HealFlatTextFieldContainer.swift */; };
		E14C0F202957489B00D69ECD /* HealFlatTextFieldContainer.xib in Resources */ = {isa = PBXBuildFile; fileRef = E14C0F1D2957489B00D69ECD /* HealFlatTextFieldContainer.xib */; };
		E14C0F2429574E8500D69ECD /* RegisterRowSection.swift in Sources */ = {isa = PBXBuildFile; fileRef = E14C0F2329574E8500D69ECD /* RegisterRowSection.swift */; };
		E14C0F272957503200D69ECD /* BaseCustomView.swift in Sources */ = {isa = PBXBuildFile; fileRef = E14C0F262957503200D69ECD /* BaseCustomView.swift */; };
		E14C0F2C295751B900D69ECD /* AppColors.swift in Sources */ = {isa = PBXBuildFile; fileRef = E14C0F2A295751B900D69ECD /* AppColors.swift */; };
		E14C0F2D295751B900D69ECD /* AppFonts.swift in Sources */ = {isa = PBXBuildFile; fileRef = E14C0F2B295751B900D69ECD /* AppFonts.swift */; };
		E14C0F2F2957525800D69ECD /* AllExtensions.swift in Sources */ = {isa = PBXBuildFile; fileRef = E14C0F2E2957525800D69ECD /* AllExtensions.swift */; };
		E14C0F33295753E200D69ECD /* Date + Extension.swift in Sources */ = {isa = PBXBuildFile; fileRef = E14C0F31295753E200D69ECD /* Date + Extension.swift */; };
		E14C0F34295753E200D69ECD /* String + Extension.swift in Sources */ = {isa = PBXBuildFile; fileRef = E14C0F32295753E200D69ECD /* String + Extension.swift */; };
		E14C0F3B2957691700D69ECD /* MuseoSans-300.otf in Resources */ = {isa = PBXBuildFile; fileRef = E14C0F372957691700D69ECD /* MuseoSans-300.otf */; };
		E14C0F3C2957691700D69ECD /* MuseoSans-100.otf in Resources */ = {isa = PBXBuildFile; fileRef = E14C0F382957691700D69ECD /* MuseoSans-100.otf */; };
		E14C0F3D2957691700D69ECD /* MuseoSans-500.otf in Resources */ = {isa = PBXBuildFile; fileRef = E14C0F392957691700D69ECD /* MuseoSans-500.otf */; };
		E14C0F3E2957691700D69ECD /* MuseoSans-700.otf in Resources */ = {isa = PBXBuildFile; fileRef = E14C0F3A2957691700D69ECD /* MuseoSans-700.otf */; };
		E14C0F4229576BE000D69ECD /* HealPlainTextFieldContainer.xib in Resources */ = {isa = PBXBuildFile; fileRef = E14C0F4029576BE000D69ECD /* HealPlainTextFieldContainer.xib */; };
		E14C0F4329576BE000D69ECD /* HealPlainTextFieldContainer.swift in Sources */ = {isa = PBXBuildFile; fileRef = E14C0F4129576BE000D69ECD /* HealPlainTextFieldContainer.swift */; };
		E14C0F4629576C0A00D69ECD /* HealPrimaryButton.swift in Sources */ = {isa = PBXBuildFile; fileRef = E14C0F4529576C0A00D69ECD /* HealPrimaryButton.swift */; };
		E19DE1DA29501967003A43F2 /* AppDelegate.swift in Sources */ = {isa = PBXBuildFile; fileRef = E19DE1D929501967003A43F2 /* AppDelegate.swift */; };
		E19DE1E329501968003A43F2 /* Assets.xcassets in Resources */ = {isa = PBXBuildFile; fileRef = E19DE1E229501968003A43F2 /* Assets.xcassets */; };
		E19DE1E629501968003A43F2 /* LaunchScreen.storyboard in Resources */ = {isa = PBXBuildFile; fileRef = E19DE1E429501968003A43F2 /* LaunchScreen.storyboard */; };
/* End PBXBuildFile section */

/* Begin PBXFileReference section */
		1D7C73F9704E72623A3E3F84 /* Pods_FireBaseChatApp.framework */ = {isa = PBXFileReference; explicitFileType = wrapper.framework; includeInIndex = 0; path = Pods_FireBaseChatApp.framework; sourceTree = BUILT_PRODUCTS_DIR; };
		5015AD3CEEC8DE6193A3477E /* Pods-FireBaseChatApp.release.xcconfig */ = {isa = PBXFileReference; includeInIndex = 1; lastKnownFileType = text.xcconfig; name = "Pods-FireBaseChatApp.release.xcconfig"; path = "Target Support Files/Pods-FireBaseChatApp/Pods-FireBaseChatApp.release.xcconfig"; sourceTree = "<group>"; };
		D6D75CED43F4A57C30CA9000 /* Pods-FireBaseChatApp.debug.xcconfig */ = {isa = PBXFileReference; includeInIndex = 1; lastKnownFileType = text.xcconfig; name = "Pods-FireBaseChatApp.debug.xcconfig"; path = "Target Support Files/Pods-FireBaseChatApp/Pods-FireBaseChatApp.debug.xcconfig"; sourceTree = "<group>"; };
		E112EE5D2959E5850075AF1A /* ChatConversation+CollectionView.swift */ = {isa = PBXFileReference; lastKnownFileType = sourcecode.swift; path = "ChatConversation+CollectionView.swift"; sourceTree = "<group>"; };
		E14C0EFA29573EAA00D69ECD /* ChatConversationViewController.swift */ = {isa = PBXFileReference; lastKnownFileType = sourcecode.swift; path = ChatConversationViewController.swift; sourceTree = "<group>"; };
		E14C0EFB29573EAA00D69ECD /* ChatConversationViewController.xib */ = {isa = PBXFileReference; lastKnownFileType = file.xib; path = ChatConversationViewController.xib; sourceTree = "<group>"; };
		E14C0F0029573ECB00D69ECD /* BaseViewController.swift */ = {isa = PBXFileReference; lastKnownFileType = sourcecode.swift; path = BaseViewController.swift; sourceTree = "<group>"; };
		E14C0F0329573F6600D69ECD /* BaseTableViewCell.swift */ = {isa = PBXFileReference; lastKnownFileType = sourcecode.swift; path = BaseTableViewCell.swift; sourceTree = "<group>"; };
		E14C0F0429573F6600D69ECD /* BaseTableViewCell.xib */ = {isa = PBXFileReference; lastKnownFileType = file.xib; path = BaseTableViewCell.xib; sourceTree = "<group>"; };
		E14C0F07295740CA00D69ECD /* BaseCollectionViewCell.swift */ = {isa = PBXFileReference; lastKnownFileType = sourcecode.swift; path = BaseCollectionViewCell.swift; sourceTree = "<group>"; };
		E14C0F08295740CA00D69ECD /* BaseCollectionViewCell.xib */ = {isa = PBXFileReference; lastKnownFileType = file.xib; path = BaseCollectionViewCell.xib; sourceTree = "<group>"; };
		E14C0F0E2957434100D69ECD /* Extensions+UITableView.swift */ = {isa = PBXFileReference; lastKnownFileType = sourcecode.swift; path = "Extensions+UITableView.swift"; sourceTree = "<group>"; };
		E14C0F102957450900D69ECD /* LoginViewController.swift */ = {isa = PBXFileReference; lastKnownFileType = sourcecode.swift; path = LoginViewController.swift; sourceTree = "<group>"; };
		E14C0F112957450900D69ECD /* LoginViewController.xib */ = {isa = PBXFileReference; lastKnownFileType = file.xib; path = LoginViewController.xib; sourceTree = "<group>"; };
		E14C0F152957452D00D69ECD /* RegisterViewController.swift */ = {isa = PBXFileReference; lastKnownFileType = sourcecode.swift; path = RegisterViewController.swift; sourceTree = "<group>"; };
		E14C0F162957452D00D69ECD /* RegisterViewController.xib */ = {isa = PBXFileReference; lastKnownFileType = file.xib; path = RegisterViewController.xib; sourceTree = "<group>"; };
		E14C0F1B2957489B00D69ECD /* HealFlatTextFieldContainter+CountryList.swift */ = {isa = PBXFileReference; fileEncoding = 4; lastKnownFileType = sourcecode.swift; path = "HealFlatTextFieldContainter+CountryList.swift"; sourceTree = "<group>"; };
		E14C0F1C2957489B00D69ECD /* HealFlatTextFieldContainer.swift */ = {isa = PBXFileReference; fileEncoding = 4; lastKnownFileType = sourcecode.swift; path = HealFlatTextFieldContainer.swift; sourceTree = "<group>"; };
		E14C0F1D2957489B00D69ECD /* HealFlatTextFieldContainer.xib */ = {isa = PBXFileReference; fileEncoding = 4; lastKnownFileType = file.xib; path = HealFlatTextFieldContainer.xib; sourceTree = "<group>"; };
		E14C0F2329574E8500D69ECD /* RegisterRowSection.swift */ = {isa = PBXFileReference; fileEncoding = 4; lastKnownFileType = sourcecode.swift; path = RegisterRowSection.swift; sourceTree = "<group>"; };
		E14C0F262957503200D69ECD /* BaseCustomView.swift */ = {isa = PBXFileReference; lastKnownFileType = sourcecode.swift; path = BaseCustomView.swift; sourceTree = "<group>"; };
		E14C0F2A295751B900D69ECD /* AppColors.swift */ = {isa = PBXFileReference; fileEncoding = 4; lastKnownFileType = sourcecode.swift; path = AppColors.swift; sourceTree = "<group>"; };
		E14C0F2B295751B900D69ECD /* AppFonts.swift */ = {isa = PBXFileReference; fileEncoding = 4; lastKnownFileType = sourcecode.swift; path = AppFonts.swift; sourceTree = "<group>"; };
		E14C0F2E2957525800D69ECD /* AllExtensions.swift */ = {isa = PBXFileReference; fileEncoding = 4; lastKnownFileType = sourcecode.swift; path = AllExtensions.swift; sourceTree = "<group>"; };
		E14C0F31295753E200D69ECD /* Date + Extension.swift */ = {isa = PBXFileReference; fileEncoding = 4; lastKnownFileType = sourcecode.swift; path = "Date + Extension.swift"; sourceTree = "<group>"; };
		E14C0F32295753E200D69ECD /* String + Extension.swift */ = {isa = PBXFileReference; fileEncoding = 4; lastKnownFileType = sourcecode.swift; path = "String + Extension.swift"; sourceTree = "<group>"; };
		E14C0F372957691700D69ECD /* MuseoSans-300.otf */ = {isa = PBXFileReference; lastKnownFileType = file; path = "MuseoSans-300.otf"; sourceTree = "<group>"; };
		E14C0F382957691700D69ECD /* MuseoSans-100.otf */ = {isa = PBXFileReference; lastKnownFileType = file; path = "MuseoSans-100.otf"; sourceTree = "<group>"; };
		E14C0F392957691700D69ECD /* MuseoSans-500.otf */ = {isa = PBXFileReference; lastKnownFileType = file; path = "MuseoSans-500.otf"; sourceTree = "<group>"; };
		E14C0F3A2957691700D69ECD /* MuseoSans-700.otf */ = {isa = PBXFileReference; lastKnownFileType = file; path = "MuseoSans-700.otf"; sourceTree = "<group>"; };
		E14C0F4029576BE000D69ECD /* HealPlainTextFieldContainer.xib */ = {isa = PBXFileReference; fileEncoding = 4; lastKnownFileType = file.xib; path = HealPlainTextFieldContainer.xib; sourceTree = "<group>"; };
		E14C0F4129576BE000D69ECD /* HealPlainTextFieldContainer.swift */ = {isa = PBXFileReference; fileEncoding = 4; lastKnownFileType = sourcecode.swift; path = HealPlainTextFieldContainer.swift; sourceTree = "<group>"; };
		E14C0F4529576C0A00D69ECD /* HealPrimaryButton.swift */ = {isa = PBXFileReference; fileEncoding = 4; lastKnownFileType = sourcecode.swift; path = HealPrimaryButton.swift; sourceTree = "<group>"; };
		E19DE1D629501967003A43F2 /* FireBaseChatApp.app */ = {isa = PBXFileReference; explicitFileType = wrapper.application; includeInIndex = 0; path = FireBaseChatApp.app; sourceTree = BUILT_PRODUCTS_DIR; };
		E19DE1D929501967003A43F2 /* AppDelegate.swift */ = {isa = PBXFileReference; lastKnownFileType = sourcecode.swift; path = AppDelegate.swift; sourceTree = "<group>"; };
		E19DE1E229501968003A43F2 /* Assets.xcassets */ = {isa = PBXFileReference; lastKnownFileType = folder.assetcatalog; path = Assets.xcassets; sourceTree = "<group>"; };
		E19DE1E529501968003A43F2 /* Base */ = {isa = PBXFileReference; lastKnownFileType = file.storyboard; name = Base; path = Base.lproj/LaunchScreen.storyboard; sourceTree = "<group>"; };
		E19DE1E729501968003A43F2 /* Info.plist */ = {isa = PBXFileReference; lastKnownFileType = text.plist.xml; path = Info.plist; sourceTree = "<group>"; };
/* End PBXFileReference section */

/* Begin PBXFrameworksBuildPhase section */
		E19DE1D329501967003A43F2 /* Frameworks */ = {
			isa = PBXFrameworksBuildPhase;
			buildActionMask = 2147483647;
			files = (
				3621ED8BA1AACF31ACD7166E /* Pods_FireBaseChatApp.framework in Frameworks */,
			);
			runOnlyForDeploymentPostprocessing = 0;
		};
/* End PBXFrameworksBuildPhase section */

/* Begin PBXGroup section */
		04E1410AE24DB91D34D19EAB /* Frameworks */ = {
			isa = PBXGroup;
			children = (
				1D7C73F9704E72623A3E3F84 /* Pods_FireBaseChatApp.framework */,
			);
			name = Frameworks;
			sourceTree = "<group>";
		};
		995F26D976E324A3356900DC /* Pods */ = {
			isa = PBXGroup;
			children = (
				D6D75CED43F4A57C30CA9000 /* Pods-FireBaseChatApp.debug.xcconfig */,
				5015AD3CEEC8DE6193A3477E /* Pods-FireBaseChatApp.release.xcconfig */,
			);
			path = Pods;
			sourceTree = "<group>";
		};
		E112EE5C2959E5660075AF1A /* Cell */ = {
			isa = PBXGroup;
			children = (
			);
			path = Cell;
			sourceTree = "<group>";
		};
		E14C0EF629573E5800D69ECD /* Modules */ = {
			isa = PBXGroup;
			children = (
				E14C0EFF29573EB600D69ECD /* Base */,
				E14C0EF829573E7D00D69ECD /* Login */,
				E14C0EF929573E8500D69ECD /* Register */,
				E14C0EF729573E6F00D69ECD /* ChatConversation */,
			);
			path = Modules;
			sourceTree = "<group>";
		};
		E14C0EF729573E6F00D69ECD /* ChatConversation */ = {
			isa = PBXGroup;
			children = (
				E112EE5C2959E5660075AF1A /* Cell */,
				E14C0EFA29573EAA00D69ECD /* ChatConversationViewController.swift */,
				E112EE5D2959E5850075AF1A /* ChatConversation+CollectionView.swift */,
				E14C0EFB29573EAA00D69ECD /* ChatConversationViewController.xib */,
			);
			path = ChatConversation;
			sourceTree = "<group>";
		};
		E14C0EF829573E7D00D69ECD /* Login */ = {
			isa = PBXGroup;
			children = (
				E14C0F0B2957426C00D69ECD /* View */,
			);
			path = Login;
			sourceTree = "<group>";
		};
		E14C0EF929573E8500D69ECD /* Register */ = {
			isa = PBXGroup;
			children = (
				E14C0F142957452000D69ECD /* View */,
			);
			path = Register;
			sourceTree = "<group>";
		};
		E14C0EFF29573EB600D69ECD /* Base */ = {
			isa = PBXGroup;
			children = (
				E14C0F0229573F5000D69ECD /* Cell */,
				E14C0F0029573ECB00D69ECD /* BaseViewController.swift */,
			);
			path = Base;
			sourceTree = "<group>";
		};
		E14C0F0229573F5000D69ECD /* Cell */ = {
			isa = PBXGroup;
			children = (
				E14C0F0329573F6600D69ECD /* BaseTableViewCell.swift */,
				E14C0F0429573F6600D69ECD /* BaseTableViewCell.xib */,
				E14C0F07295740CA00D69ECD /* BaseCollectionViewCell.swift */,
				E14C0F08295740CA00D69ECD /* BaseCollectionViewCell.xib */,
			);
			path = Cell;
			sourceTree = "<group>";
		};
		E14C0F0B2957426C00D69ECD /* View */ = {
			isa = PBXGroup;
			children = (
				E14C0F102957450900D69ECD /* LoginViewController.swift */,
				E14C0F112957450900D69ECD /* LoginViewController.xib */,
			);
			path = View;
			sourceTree = "<group>";
		};
		E14C0F0D295742D600D69ECD /* Extension */ = {
			isa = PBXGroup;
			children = (
				E14C0F0E2957434100D69ECD /* Extensions+UITableView.swift */,
				E14C0F2E2957525800D69ECD /* AllExtensions.swift */,
			);
			path = Extension;
			sourceTree = "<group>";
		};
		E14C0F142957452000D69ECD /* View */ = {
			isa = PBXGroup;
			children = (
				E14C0F152957452D00D69ECD /* RegisterViewController.swift */,
				E14C0F162957452D00D69ECD /* RegisterViewController.xib */,
			);
			path = View;
			sourceTree = "<group>";
		};
		E14C0F19295747FF00D69ECD /* UIComponents */ = {
			isa = PBXGroup;
			children = (
				E14C0F252957501B00D69ECD /* BaseView */,
				E14C0F3F29576BE000D69ECD /* HealPlainTextFieldContainer */,
				E14C0F4429576C0A00D69ECD /* HealPrimaryButton */,
				E14C0F1A2957489B00D69ECD /* HealFlatTextFieldContainer */,
			);
			path = UIComponents;
			sourceTree = "<group>";
		};
		E14C0F1A2957489B00D69ECD /* HealFlatTextFieldContainer */ = {
			isa = PBXGroup;
			children = (
				E14C0F1B2957489B00D69ECD /* HealFlatTextFieldContainter+CountryList.swift */,
				E14C0F1C2957489B00D69ECD /* HealFlatTextFieldContainer.swift */,
				E14C0F1D2957489B00D69ECD /* HealFlatTextFieldContainer.xib */,
			);
			path = HealFlatTextFieldContainer;
			sourceTree = "<group>";
		};
		E14C0F2229574E7C00D69ECD /* Enum */ = {
			isa = PBXGroup;
			children = (
				E14C0F2329574E8500D69ECD /* RegisterRowSection.swift */,
			);
			path = Enum;
			sourceTree = "<group>";
		};
		E14C0F252957501B00D69ECD /* BaseView */ = {
			isa = PBXGroup;
			children = (
				E14C0F262957503200D69ECD /* BaseCustomView.swift */,
			);
			path = BaseView;
			sourceTree = "<group>";
		};
		E14C0F28295751A400D69ECD /* Utilities */ = {
			isa = PBXGroup;
			children = (
				E14C0F30295753E200D69ECD /* Foundation */,
				E14C0F29295751B900D69ECD /* Design */,
			);
			path = Utilities;
			sourceTree = "<group>";
		};
		E14C0F29295751B900D69ECD /* Design */ = {
			isa = PBXGroup;
			children = (
				E14C0F2A295751B900D69ECD /* AppColors.swift */,
				E14C0F2B295751B900D69ECD /* AppFonts.swift */,
			);
			path = Design;
			sourceTree = "<group>";
		};
		E14C0F30295753E200D69ECD /* Foundation */ = {
			isa = PBXGroup;
			children = (
				E14C0F31295753E200D69ECD /* Date + Extension.swift */,
				E14C0F32295753E200D69ECD /* String + Extension.swift */,
			);
			path = Foundation;
			sourceTree = "<group>";
		};
		E14C0F352957690500D69ECD /* SupportingFiles */ = {
			isa = PBXGroup;
			children = (
				E14C0F362957691700D69ECD /* Fonts */,
				E19DE1E229501968003A43F2 /* Assets.xcassets */,
			);
			path = SupportingFiles;
			sourceTree = "<group>";
		};
		E14C0F362957691700D69ECD /* Fonts */ = {
			isa = PBXGroup;
			children = (
				E14C0F372957691700D69ECD /* MuseoSans-300.otf */,
				E14C0F382957691700D69ECD /* MuseoSans-100.otf */,
				E14C0F392957691700D69ECD /* MuseoSans-500.otf */,
				E14C0F3A2957691700D69ECD /* MuseoSans-700.otf */,
			);
			path = Fonts;
			sourceTree = "<group>";
		};
		E14C0F3F29576BE000D69ECD /* HealPlainTextFieldContainer */ = {
			isa = PBXGroup;
			children = (
				E14C0F4029576BE000D69ECD /* HealPlainTextFieldContainer.xib */,
				E14C0F4129576BE000D69ECD /* HealPlainTextFieldContainer.swift */,
			);
			path = HealPlainTextFieldContainer;
			sourceTree = "<group>";
		};
		E14C0F4429576C0A00D69ECD /* HealPrimaryButton */ = {
			isa = PBXGroup;
			children = (
				E14C0F4529576C0A00D69ECD /* HealPrimaryButton.swift */,
			);
			path = HealPrimaryButton;
			sourceTree = "<group>";
		};
		E19DE1CD29501967003A43F2 = {
			isa = PBXGroup;
			children = (
				E19DE1D829501967003A43F2 /* FireBaseChatApp */,
				E19DE1D729501967003A43F2 /* Products */,
				995F26D976E324A3356900DC /* Pods */,
				04E1410AE24DB91D34D19EAB /* Frameworks */,
			);
			sourceTree = "<group>";
		};
		E19DE1D729501967003A43F2 /* Products */ = {
			isa = PBXGroup;
			children = (
				E19DE1D629501967003A43F2 /* FireBaseChatApp.app */,
			);
			name = Products;
			sourceTree = "<group>";
		};
		E19DE1D829501967003A43F2 /* FireBaseChatApp */ = {
			isa = PBXGroup;
			children = (
				E14C0F28295751A400D69ECD /* Utilities */,
				E14C0F2229574E7C00D69ECD /* Enum */,
				E14C0F0D295742D600D69ECD /* Extension */,
				E14C0F19295747FF00D69ECD /* UIComponents */,
				E14C0EF629573E5800D69ECD /* Modules */,
				E14C0F352957690500D69ECD /* SupportingFiles */,
				E19DE1D929501967003A43F2 /* AppDelegate.swift */,
				E19DE1E429501968003A43F2 /* LaunchScreen.storyboard */,
				E19DE1E729501968003A43F2 /* Info.plist */,
			);
			path = FireBaseChatApp;
			sourceTree = "<group>";
		};
/* End PBXGroup section */

/* Begin PBXNativeTarget section */
		E19DE1D529501967003A43F2 /* FireBaseChatApp */ = {
			isa = PBXNativeTarget;
			buildConfigurationList = E19DE1EA29501968003A43F2 /* Build configuration list for PBXNativeTarget "FireBaseChatApp" */;
			buildPhases = (
				A11D0F9B8FF9B64C6D73F2B5 /* [CP] Check Pods Manifest.lock */,
				E19DE1D229501967003A43F2 /* Sources */,
				E19DE1D329501967003A43F2 /* Frameworks */,
				E19DE1D429501967003A43F2 /* Resources */,
				A1E9E21BCB24B80367D0B7A2 /* [CP] Embed Pods Frameworks */,
			);
			buildRules = (
			);
			dependencies = (
			);
			name = FireBaseChatApp;
			productName = FireBaseChatApp;
			productReference = E19DE1D629501967003A43F2 /* FireBaseChatApp.app */;
			productType = "com.apple.product-type.application";
		};
/* End PBXNativeTarget section */

/* Begin PBXProject section */
		E19DE1CE29501967003A43F2 /* Project object */ = {
			isa = PBXProject;
			attributes = {
				BuildIndependentTargetsInParallel = 1;
				LastSwiftUpdateCheck = 1400;
				LastUpgradeCheck = 1400;
				TargetAttributes = {
					E19DE1D529501967003A43F2 = {
						CreatedOnToolsVersion = 14.0;
					};
				};
			};
			buildConfigurationList = E19DE1D129501967003A43F2 /* Build configuration list for PBXProject "FireBaseChatApp" */;
			compatibilityVersion = "Xcode 14.0";
			developmentRegion = en;
			hasScannedForEncodings = 0;
			knownRegions = (
				en,
				Base,
			);
			mainGroup = E19DE1CD29501967003A43F2;
			productRefGroup = E19DE1D729501967003A43F2 /* Products */;
			projectDirPath = "";
			projectRoot = "";
			targets = (
				E19DE1D529501967003A43F2 /* FireBaseChatApp */,
			);
		};
/* End PBXProject section */

/* Begin PBXResourcesBuildPhase section */
		E19DE1D429501967003A43F2 /* Resources */ = {
			isa = PBXResourcesBuildPhase;
			buildActionMask = 2147483647;
			files = (
				E14C0F0629573F6600D69ECD /* BaseTableViewCell.xib in Resources */,
				E14C0F4229576BE000D69ECD /* HealPlainTextFieldContainer.xib in Resources */,
				E14C0EFD29573EAA00D69ECD /* ChatConversationViewController.xib in Resources */,
				E14C0F3E2957691700D69ECD /* MuseoSans-700.otf in Resources */,
				E14C0F182957452D00D69ECD /* RegisterViewController.xib in Resources */,
				E14C0F132957450900D69ECD /* LoginViewController.xib in Resources */,
				E14C0F202957489B00D69ECD /* HealFlatTextFieldContainer.xib in Resources */,
				E19DE1E629501968003A43F2 /* LaunchScreen.storyboard in Resources */,
				E14C0F0A295740CA00D69ECD /* BaseCollectionViewCell.xib in Resources */,
				E19DE1E329501968003A43F2 /* Assets.xcassets in Resources */,
				E14C0F3D2957691700D69ECD /* MuseoSans-500.otf in Resources */,
				E14C0F3C2957691700D69ECD /* MuseoSans-100.otf in Resources */,
				E14C0F3B2957691700D69ECD /* MuseoSans-300.otf in Resources */,
			);
			runOnlyForDeploymentPostprocessing = 0;
		};
/* End PBXResourcesBuildPhase section */

/* Begin PBXShellScriptBuildPhase section */
		A11D0F9B8FF9B64C6D73F2B5 /* [CP] Check Pods Manifest.lock */ = {
			isa = PBXShellScriptBuildPhase;
			buildActionMask = 2147483647;
			files = (
			);
			inputFileListPaths = (
			);
			inputPaths = (
				"${PODS_PODFILE_DIR_PATH}/Podfile.lock",
				"${PODS_ROOT}/Manifest.lock",
			);
			name = "[CP] Check Pods Manifest.lock";
			outputFileListPaths = (
			);
			outputPaths = (
				"$(DERIVED_FILE_DIR)/Pods-FireBaseChatApp-checkManifestLockResult.txt",
			);
			runOnlyForDeploymentPostprocessing = 0;
			shellPath = /bin/sh;
			shellScript = "diff \"${PODS_PODFILE_DIR_PATH}/Podfile.lock\" \"${PODS_ROOT}/Manifest.lock\" > /dev/null\nif [ $? != 0 ] ; then\n    # print error to STDERR\n    echo \"error: The sandbox is not in sync with the Podfile.lock. Run 'pod install' or update your CocoaPods installation.\" >&2\n    exit 1\nfi\n# This output is used by Xcode 'outputs' to avoid re-running this script phase.\necho \"SUCCESS\" > \"${SCRIPT_OUTPUT_FILE_0}\"\n";
			showEnvVarsInLog = 0;
		};
		A1E9E21BCB24B80367D0B7A2 /* [CP] Embed Pods Frameworks */ = {
			isa = PBXShellScriptBuildPhase;
			buildActionMask = 2147483647;
			files = (
			);
			inputFileListPaths = (
				"${PODS_ROOT}/Target Support Files/Pods-FireBaseChatApp/Pods-FireBaseChatApp-frameworks-${CONFIGURATION}-input-files.xcfilelist",
			);
			name = "[CP] Embed Pods Frameworks";
			outputFileListPaths = (
				"${PODS_ROOT}/Target Support Files/Pods-FireBaseChatApp/Pods-FireBaseChatApp-frameworks-${CONFIGURATION}-output-files.xcfilelist",
			);
			runOnlyForDeploymentPostprocessing = 0;
			shellPath = /bin/sh;
			shellScript = "\"${PODS_ROOT}/Target Support Files/Pods-FireBaseChatApp/Pods-FireBaseChatApp-frameworks.sh\"\n";
			showEnvVarsInLog = 0;
		};
/* End PBXShellScriptBuildPhase section */

/* Begin PBXSourcesBuildPhase section */
		E19DE1D229501967003A43F2 /* Sources */ = {
			isa = PBXSourcesBuildPhase;
			buildActionMask = 2147483647;
			files = (
				E14C0F1E2957489B00D69ECD /* HealFlatTextFieldContainter+CountryList.swift in Sources */,
				E14C0F122957450900D69ECD /* LoginViewController.swift in Sources */,
				E14C0F2D295751B900D69ECD /* AppFonts.swift in Sources */,
				E14C0F2F2957525800D69ECD /* AllExtensions.swift in Sources */,
				E14C0F1F2957489B00D69ECD /* HealFlatTextFieldContainer.swift in Sources */,
				E112EE5E2959E5850075AF1A /* ChatConversation+CollectionView.swift in Sources */,
				E14C0F2C295751B900D69ECD /* AppColors.swift in Sources */,
				E14C0F4629576C0A00D69ECD /* HealPrimaryButton.swift in Sources */,
				E14C0F272957503200D69ECD /* BaseCustomView.swift in Sources */,
				E14C0F33295753E200D69ECD /* Date + Extension.swift in Sources */,
				E14C0F09295740CA00D69ECD /* BaseCollectionViewCell.swift in Sources */,
				E14C0F0F2957434100D69ECD /* Extensions+UITableView.swift in Sources */,
				E14C0F4329576BE000D69ECD /* HealPlainTextFieldContainer.swift in Sources */,
				E14C0F172957452D00D69ECD /* RegisterViewController.swift in Sources */,
				E14C0F0529573F6600D69ECD /* BaseTableViewCell.swift in Sources */,
				E19DE1DA29501967003A43F2 /* AppDelegate.swift in Sources */,
				E14C0F34295753E200D69ECD /* String + Extension.swift in Sources */,
				E14C0F2429574E8500D69ECD /* RegisterRowSection.swift in Sources */,
				E14C0EFC29573EAA00D69ECD /* ChatConversationViewController.swift in Sources */,
				E14C0F0129573ECB00D69ECD /* BaseViewController.swift in Sources */,
			);
			runOnlyForDeploymentPostprocessing = 0;
		};
/* End PBXSourcesBuildPhase section */

/* Begin PBXVariantGroup section */
		E19DE1E429501968003A43F2 /* LaunchScreen.storyboard */ = {
			isa = PBXVariantGroup;
			children = (
				E19DE1E529501968003A43F2 /* Base */,
			);
			name = LaunchScreen.storyboard;
			sourceTree = "<group>";
		};
/* End PBXVariantGroup section */

/* Begin XCBuildConfiguration section */
		E19DE1E829501968003A43F2 /* Debug */ = {
			isa = XCBuildConfiguration;
			buildSettings = {
				ALWAYS_SEARCH_USER_PATHS = NO;
				CLANG_ANALYZER_NONNULL = YES;
				CLANG_ANALYZER_NUMBER_OBJECT_CONVERSION = YES_AGGRESSIVE;
				CLANG_CXX_LANGUAGE_STANDARD = "gnu++20";
				CLANG_ENABLE_MODULES = YES;
				CLANG_ENABLE_OBJC_ARC = YES;
				CLANG_ENABLE_OBJC_WEAK = YES;
				CLANG_WARN_BLOCK_CAPTURE_AUTORELEASING = YES;
				CLANG_WARN_BOOL_CONVERSION = YES;
				CLANG_WARN_COMMA = YES;
				CLANG_WARN_CONSTANT_CONVERSION = YES;
				CLANG_WARN_DEPRECATED_OBJC_IMPLEMENTATIONS = YES;
				CLANG_WARN_DIRECT_OBJC_ISA_USAGE = YES_ERROR;
				CLANG_WARN_DOCUMENTATION_COMMENTS = YES;
				CLANG_WARN_EMPTY_BODY = YES;
				CLANG_WARN_ENUM_CONVERSION = YES;
				CLANG_WARN_INFINITE_RECURSION = YES;
				CLANG_WARN_INT_CONVERSION = YES;
				CLANG_WARN_NON_LITERAL_NULL_CONVERSION = YES;
				CLANG_WARN_OBJC_IMPLICIT_RETAIN_SELF = YES;
				CLANG_WARN_OBJC_LITERAL_CONVERSION = YES;
				CLANG_WARN_OBJC_ROOT_CLASS = YES_ERROR;
				CLANG_WARN_QUOTED_INCLUDE_IN_FRAMEWORK_HEADER = YES;
				CLANG_WARN_RANGE_LOOP_ANALYSIS = YES;
				CLANG_WARN_STRICT_PROTOTYPES = YES;
				CLANG_WARN_SUSPICIOUS_MOVE = YES;
				CLANG_WARN_UNGUARDED_AVAILABILITY = YES_AGGRESSIVE;
				CLANG_WARN_UNREACHABLE_CODE = YES;
				CLANG_WARN__DUPLICATE_METHOD_MATCH = YES;
				COPY_PHASE_STRIP = NO;
				DEBUG_INFORMATION_FORMAT = dwarf;
				ENABLE_STRICT_OBJC_MSGSEND = YES;
				ENABLE_TESTABILITY = YES;
				GCC_C_LANGUAGE_STANDARD = gnu11;
				GCC_DYNAMIC_NO_PIC = NO;
				GCC_NO_COMMON_BLOCKS = YES;
				GCC_OPTIMIZATION_LEVEL = 0;
				GCC_PREPROCESSOR_DEFINITIONS = (
					"DEBUG=1",
					"$(inherited)",
				);
				GCC_WARN_64_TO_32_BIT_CONVERSION = YES;
				GCC_WARN_ABOUT_RETURN_TYPE = YES_ERROR;
				GCC_WARN_UNDECLARED_SELECTOR = YES;
				GCC_WARN_UNINITIALIZED_AUTOS = YES_AGGRESSIVE;
				GCC_WARN_UNUSED_FUNCTION = YES;
				GCC_WARN_UNUSED_VARIABLE = YES;
				IPHONEOS_DEPLOYMENT_TARGET = 16.0;
				MTL_ENABLE_DEBUG_INFO = INCLUDE_SOURCE;
				MTL_FAST_MATH = YES;
				ONLY_ACTIVE_ARCH = YES;
				SDKROOT = iphoneos;
				SWIFT_ACTIVE_COMPILATION_CONDITIONS = DEBUG;
				SWIFT_OPTIMIZATION_LEVEL = "-Onone";
			};
			name = Debug;
		};
		E19DE1E929501968003A43F2 /* Release */ = {
			isa = XCBuildConfiguration;
			buildSettings = {
				ALWAYS_SEARCH_USER_PATHS = NO;
				CLANG_ANALYZER_NONNULL = YES;
				CLANG_ANALYZER_NUMBER_OBJECT_CONVERSION = YES_AGGRESSIVE;
				CLANG_CXX_LANGUAGE_STANDARD = "gnu++20";
				CLANG_ENABLE_MODULES = YES;
				CLANG_ENABLE_OBJC_ARC = YES;
				CLANG_ENABLE_OBJC_WEAK = YES;
				CLANG_WARN_BLOCK_CAPTURE_AUTORELEASING = YES;
				CLANG_WARN_BOOL_CONVERSION = YES;
				CLANG_WARN_COMMA = YES;
				CLANG_WARN_CONSTANT_CONVERSION = YES;
				CLANG_WARN_DEPRECATED_OBJC_IMPLEMENTATIONS = YES;
				CLANG_WARN_DIRECT_OBJC_ISA_USAGE = YES_ERROR;
				CLANG_WARN_DOCUMENTATION_COMMENTS = YES;
				CLANG_WARN_EMPTY_BODY = YES;
				CLANG_WARN_ENUM_CONVERSION = YES;
				CLANG_WARN_INFINITE_RECURSION = YES;
				CLANG_WARN_INT_CONVERSION = YES;
				CLANG_WARN_NON_LITERAL_NULL_CONVERSION = YES;
				CLANG_WARN_OBJC_IMPLICIT_RETAIN_SELF = YES;
				CLANG_WARN_OBJC_LITERAL_CONVERSION = YES;
				CLANG_WARN_OBJC_ROOT_CLASS = YES_ERROR;
				CLANG_WARN_QUOTED_INCLUDE_IN_FRAMEWORK_HEADER = YES;
				CLANG_WARN_RANGE_LOOP_ANALYSIS = YES;
				CLANG_WARN_STRICT_PROTOTYPES = YES;
				CLANG_WARN_SUSPICIOUS_MOVE = YES;
				CLANG_WARN_UNGUARDED_AVAILABILITY = YES_AGGRESSIVE;
				CLANG_WARN_UNREACHABLE_CODE = YES;
				CLANG_WARN__DUPLICATE_METHOD_MATCH = YES;
				COPY_PHASE_STRIP = NO;
				DEBUG_INFORMATION_FORMAT = "dwarf-with-dsym";
				ENABLE_NS_ASSERTIONS = NO;
				ENABLE_STRICT_OBJC_MSGSEND = YES;
				GCC_C_LANGUAGE_STANDARD = gnu11;
				GCC_NO_COMMON_BLOCKS = YES;
				GCC_WARN_64_TO_32_BIT_CONVERSION = YES;
				GCC_WARN_ABOUT_RETURN_TYPE = YES_ERROR;
				GCC_WARN_UNDECLARED_SELECTOR = YES;
				GCC_WARN_UNINITIALIZED_AUTOS = YES_AGGRESSIVE;
				GCC_WARN_UNUSED_FUNCTION = YES;
				GCC_WARN_UNUSED_VARIABLE = YES;
				IPHONEOS_DEPLOYMENT_TARGET = 16.0;
				MTL_ENABLE_DEBUG_INFO = NO;
				MTL_FAST_MATH = YES;
				SDKROOT = iphoneos;
				SWIFT_COMPILATION_MODE = wholemodule;
				SWIFT_OPTIMIZATION_LEVEL = "-O";
				VALIDATE_PRODUCT = YES;
			};
			name = Release;
		};
		E19DE1EB29501968003A43F2 /* Debug */ = {
			isa = XCBuildConfiguration;
			baseConfigurationReference = D6D75CED43F4A57C30CA9000 /* Pods-FireBaseChatApp.debug.xcconfig */;
			buildSettings = {
				ASSETCATALOG_COMPILER_APPICON_NAME = AppIcon;
				ASSETCATALOG_COMPILER_GLOBAL_ACCENT_COLOR_NAME = AccentColor;
				CODE_SIGN_STYLE = Automatic;
				CURRENT_PROJECT_VERSION = 1;
				DEVELOPMENT_TEAM = JHPZ4264U2;
				GENERATE_INFOPLIST_FILE = YES;
				INFOPLIST_FILE = FireBaseChatApp/Info.plist;
				INFOPLIST_KEY_UIApplicationSupportsIndirectInputEvents = YES;
				INFOPLIST_KEY_UILaunchStoryboardName = LaunchScreen;
				INFOPLIST_KEY_UISupportedInterfaceOrientations = UIInterfaceOrientationPortrait;
				INFOPLIST_KEY_UISupportedInterfaceOrientations_iPad = "UIInterfaceOrientationPortrait UIInterfaceOrientationPortraitUpsideDown";
				LD_RUNPATH_SEARCH_PATHS = (
					"$(inherited)",
					"@executable_path/Frameworks",
				);
				MARKETING_VERSION = 1.0;
				PRODUCT_BUNDLE_IDENTIFIER = com.alvin.FireBaseChatApp;
				PRODUCT_NAME = "$(TARGET_NAME)";
				SWIFT_EMIT_LOC_STRINGS = YES;
				SWIFT_VERSION = 5.0;
				TARGETED_DEVICE_FAMILY = "1,2";
			};
			name = Debug;
		};
		E19DE1EC29501968003A43F2 /* Release */ = {
			isa = XCBuildConfiguration;
			baseConfigurationReference = 5015AD3CEEC8DE6193A3477E /* Pods-FireBaseChatApp.release.xcconfig */;
			buildSettings = {
				ASSETCATALOG_COMPILER_APPICON_NAME = AppIcon;
				ASSETCATALOG_COMPILER_GLOBAL_ACCENT_COLOR_NAME = AccentColor;
				CODE_SIGN_STYLE = Automatic;
				CURRENT_PROJECT_VERSION = 1;
				DEVELOPMENT_TEAM = JHPZ4264U2;
				GENERATE_INFOPLIST_FILE = YES;
				INFOPLIST_FILE = FireBaseChatApp/Info.plist;
				INFOPLIST_KEY_UIApplicationSupportsIndirectInputEvents = YES;
				INFOPLIST_KEY_UILaunchStoryboardName = LaunchScreen;
				INFOPLIST_KEY_UISupportedInterfaceOrientations = UIInterfaceOrientationPortrait;
				INFOPLIST_KEY_UISupportedInterfaceOrientations_iPad = "UIInterfaceOrientationPortrait UIInterfaceOrientationPortraitUpsideDown";
				LD_RUNPATH_SEARCH_PATHS = (
					"$(inherited)",
					"@executable_path/Frameworks",
				);
				MARKETING_VERSION = 1.0;
				PRODUCT_BUNDLE_IDENTIFIER = com.alvin.FireBaseChatApp;
				PRODUCT_NAME = "$(TARGET_NAME)";
				SWIFT_EMIT_LOC_STRINGS = YES;
				SWIFT_VERSION = 5.0;
				TARGETED_DEVICE_FAMILY = "1,2";
			};
			name = Release;
		};
/* End XCBuildConfiguration section */

/* Begin XCConfigurationList section */
		E19DE1D129501967003A43F2 /* Build configuration list for PBXProject "FireBaseChatApp" */ = {
			isa = XCConfigurationList;
			buildConfigurations = (
				E19DE1E829501968003A43F2 /* Debug */,
				E19DE1E929501968003A43F2 /* Release */,
			);
			defaultConfigurationIsVisible = 0;
			defaultConfigurationName = Release;
		};
		E19DE1EA29501968003A43F2 /* Build configuration list for PBXNativeTarget "FireBaseChatApp" */ = {
			isa = XCConfigurationList;
			buildConfigurations = (
				E19DE1EB29501968003A43F2 /* Debug */,
				E19DE1EC29501968003A43F2 /* Release */,
			);
			defaultConfigurationIsVisible = 0;
			defaultConfigurationName = Release;
		};
/* End XCConfigurationList section */
	};
	rootObject = E19DE1CE29501967003A43F2 /* Project object */;
}
